{
  "version": 4,
  "terraform_version": "1.15.7",
  "serial": 7,
  "lineage": "040a7cf4-fd92-5781-adbf-10ab4ef968ea",
  "outputs": {
    "server_ips": {
      "value": {
        "api": [
          "172.25.65.207"
        ],
        "logs": [
          "172.25.74.77"
        ],
        "payments": [
          "172.25.67.71"
        ]
      },
      "type": [
        "object",
        {
          "api": [
            "list",
            "string"
          ],
          "logs": [
            "list",
            "string"
          ],
          "payments": [
            "list",
            "string"
          ]
        }
      ]
    }
  },
  "resources": [
    {
      "module": "module.app_server[\"api\"]",
      "mode": "managed",
      "type": "multipass_instance",
      "name": "vm",
      "provider": "provider[\"registry.terraform.io/todoroff/multipass\"]",
      "instances": [
        {
          "schema_version": 0,
          "attributes": {
            "auto_recover": null,
            "auto_start_on_recover": null,
            "cloud_init": null,
            "cloud_init_file": null,
            "cpus": 1,
            "disk": "5G",
            "id": "api",
            "image": "22.04",
            "image_release": "22.04 LTS",
            "ipv4": [
              "172.25.65.207"
            ],
            "last_updated": "2026-07-06T12:31:53Z",
            "memory": "1G",
            "mounts": [],
            "name": "api",
            "networks": [],
            "primary": null,
            "release": "Ubuntu 22.04.5 LTS",
            "snapshot_count": 0,
            "state": "Running",
            "timeouts": null,
            "wait_for_cloud_init": null
          },
          "sensitive_attributes": [
            [
              {
                "type": "get_attr",
                "value": "cloud_init"
              }
            ]
          ],
          "identity_schema_version": 0
        }
      ]
    },
    {
      "module": "module.app_server[\"logs\"]",
      "mode": "managed",
      "type": "multipass_instance",
      "name": "vm",
      "provider": "provider[\"registry.terraform.io/todoroff/multipass\"]",
      "instances": [
        {
          "schema_version": 0,
          "attributes": {
            "auto_recover": null,
            "auto_start_on_recover": null,
            "cloud_init": null,
            "cloud_init_file": null,
            "cpus": 1,
            "disk": "5G",
            "id": "logs",
            "image": "22.04",
            "image_release": "22.04 LTS",
            "ipv4": [
              "172.25.74.77"
            ],
            "last_updated": "2026-07-06T12:33:04Z",
            "memory": "1G",
            "mounts": [],
            "name": "logs",
            "networks": [],
            "primary": null,
            "release": "Ubuntu 22.04.5 LTS",
            "snapshot_count": 0,
            "state": "Running",
            "timeouts": null,
            "wait_for_cloud_init": null
          },
          "sensitive_attributes": [
            [
              {
                "type": "get_attr",
                "value": "cloud_init"
              }
            ]
          ],
          "identity_schema_version": 0
        }
      ]
    },
    {
      "module": "module.app_server[\"payments\"]",
      "mode": "managed",
      "type": "multipass_instance",
      "name": "vm",
      "provider": "provider[\"registry.terraform.io/todoroff/multipass\"]",
      "instances": [
        {
          "schema_version": 0,
          "attributes": {
            "auto_recover": null,
            "auto_start_on_recover": null,
            "cloud_init": null,
            "cloud_init_file": null,
            "cpus": 1,
            "disk": "5G",
            "id": "payments",
            "image": "22.04",
            "image_release": "22.04 LTS",
            "ipv4": [
              "172.25.67.71"
            ],
            "last_updated": "2026-07-06T12:32:12Z",
            "memory": "1G",
            "mounts": [],
            "name": "payments",
            "networks": [],
            "primary": null,
            "release": "Ubuntu 22.04.5 LTS",
            "snapshot_count": 0,
            "state": "Running",
            "timeouts": null,
            "wait_for_cloud_init": null
          },
          "sensitive_attributes": [
            [
              {
                "type": "get_attr",
                "value": "cloud_init"
              }
            ]
          ],
          "identity_schema_version": 0
        }
      ]
    }
  ],
  "check_results": null
}
